
Microsoft Visual Studio Solution File, Format Version 12.00
Project("{2150E333-8FDC-42A3-9474-1A3956D46DE8}") = "Solution Items", "Solution Items", "{38418411-46DA-4259-991C-03A73B465E2D}"
	ProjectSection(SolutionItems) = preProject
		.gitignore = .gitignore
		CONTRIBUTING.md = CONTRIBUTING.md
		DOCUMENTATION.md = DOCUMENTATION.md
		doxygen.config = doxygen.config
		LICENSE.txt = LICENSE.txt
		README.md = README.md
		build.cake = build.cake
		.markdownlint.json = .markdownlint.json
		CHANGELOG.md = CHANGELOG.md
		semver.json = semver.json
		.gitmessage = .gitmessage
		.cm\gitstream.cm = .cm\gitstream.cm
	EndProjectSection
EndProject
Project("{2150E333-8FDC-42A3-9474-1A3956D46DE8}") = "src", "src", "{F59BEBC7-E902-4FF8-845A-490256D06ABB}"
EndProject
Project("{FAE04EC0-301F-11D3-BF4B-00C04F79EFBC}") = "Console", "src\Console\Console.csproj", "{2A5AA013-C9CE-4CAD-9E03-2E5C407813BD}"
EndProject
Project("{FAE04EC0-301F-11D3-BF4B-00C04F79EFBC}") = "SiteWarmer.Core", "src\SiteWarmer.Core\SiteWarmer.Core.csproj", "{CD925B5E-1AC6-439C-9FCB-9DAFD8EAE413}"
EndProject
Project("{FAE04EC0-301F-11D3-BF4B-00C04F79EFBC}") = "Console.UnitTests", "test\Console.UnitTests\Console.UnitTests.csproj", "{71A2E439-995C-4526-B6B8-907E942B4507}"
EndProject
Project("{FAE04EC0-301F-11D3-BF4B-00C04F79EFBC}") = "SiteWarmer.Core.UnitTests", "test\SiteWarmer.Core.UnitTests\SiteWarmer.Core.UnitTests.csproj", "{F1EA63C7-1BF2-45F5-A99C-37577DFC52AE}"
EndProject
Project("{2150E333-8FDC-42A3-9474-1A3956D46DE8}") = "test", "test", "{030F524A-0FDF-4CDB-BF59-10B4A982B4D4}"
EndProject
Global
	GlobalSection(SolutionConfigurationPlatforms) = preSolution
		Debug|Any CPU = Debug|Any CPU
		Release|Any CPU = Release|Any CPU
	EndGlobalSection
	GlobalSection(NestedProjects) = preSolution
		{2A5AA013-C9CE-4CAD-9E03-2E5C407813BD} = {F59BEBC7-E902-4FF8-845A-490256D06ABB}
		{CD925B5E-1AC6-439C-9FCB-9DAFD8EAE413} = {F59BEBC7-E902-4FF8-845A-490256D06ABB}
		{71A2E439-995C-4526-B6B8-907E942B4507} = {030F524A-0FDF-4CDB-BF59-10B4A982B4D4}
		{F1EA63C7-1BF2-45F5-A99C-37577DFC52AE} = {030F524A-0FDF-4CDB-BF59-10B4A982B4D4}
	EndGlobalSection
	GlobalSection(ProjectConfigurationPlatforms) = postSolution
		{2A5AA013-C9CE-4CAD-9E03-2E5C407813BD}.Debug|Any CPU.ActiveCfg = Debug|Any CPU
		{2A5AA013-C9CE-4CAD-9E03-2E5C407813BD}.Debug|Any CPU.Build.0 = Debug|Any CPU
		{2A5AA013-C9CE-4CAD-9E03-2E5C407813BD}.Release|Any CPU.ActiveCfg = Release|Any CPU
		{2A5AA013-C9CE-4CAD-9E03-2E5C407813BD}.Release|Any CPU.Build.0 = Release|Any CPU
		{CD925B5E-1AC6-439C-9FCB-9DAFD8EAE413}.Debug|Any CPU.ActiveCfg = Debug|Any CPU
		{CD925B5E-1AC6-439C-9FCB-9DAFD8EAE413}.Debug|Any CPU.Build.0 = Debug|Any CPU
		{CD925B5E-1AC6-439C-9FCB-9DAFD8EAE413}.Release|Any CPU.ActiveCfg = Release|Any CPU
		{CD925B5E-1AC6-439C-9FCB-9DAFD8EAE413}.Release|Any CPU.Build.0 = Release|Any CPU
		{71A2E439-995C-4526-B6B8-907E942B4507}.Debug|Any CPU.ActiveCfg = Debug|Any CPU
		{71A2E439-995C-4526-B6B8-907E942B4507}.Debug|Any CPU.Build.0 = Debug|Any CPU
		{71A2E439-995C-4526-B6B8-907E942B4507}.Release|Any CPU.ActiveCfg = Release|Any CPU
		{71A2E439-995C-4526-B6B8-907E942B4507}.Release|Any CPU.Build.0 = Release|Any CPU
		{F1EA63C7-1BF2-45F5-A99C-37577DFC52AE}.Debug|Any CPU.ActiveCfg = Debug|Any CPU
		{F1EA63C7-1BF2-45F5-A99C-37577DFC52AE}.Debug|Any CPU.Build.0 = Debug|Any CPU
		{F1EA63C7-1BF2-45F5-A99C-37577DFC52AE}.Release|Any CPU.ActiveCfg = Release|Any CPU
		{F1EA63C7-1BF2-45F5-A99C-37577DFC52AE}.Release|Any CPU.Build.0 = Release|Any CPU
	EndGlobalSection
EndGlobal
