
Microsoft Visual Studio Solution File, Format Version 12.00
# Visual Studio 2012
Project("{FAE04EC0-301F-11D3-BF4B-00C04F79EFBC}") = "SiteWarmer.App", "SiteWarmer.App\SiteWarmer.App.csproj", "{4E58AA84-5058-4CF5-A3B9-0773C602E33D}"
EndProject
Project("{FAE04EC0-301F-11D3-BF4B-00C04F79EFBC}") = "SiteWarmer.App.Test", "SiteWarmer.App.Test\SiteWarmer.App.Test.csproj", "{9B5984BB-CF80-4549-8288-46EBD8F6440B}"
EndProject
Project("{FAE04EC0-301F-11D3-BF4B-00C04F79EFBC}") = "SiteWarmer.Core", "SiteWarmer.Core\SiteWarmer.Core.csproj", "{82FEA7E5-95E4-4A97-85E6-209EB267366D}"
EndProject
Project("{FAE04EC0-301F-11D3-BF4B-00C04F79EFBC}") = "SiteWarmer.Core.Test", "SiteWarmer.Core.Test\SiteWarmer.Core.Test.csproj", "{CFF991B1-5EED-48CD-A846-365C0908F522}"
EndProject
Project("{2150E333-8FDC-42A3-9474-1A3956D46DE8}") = "Solution Items", "Solution Items", "{F37804BF-79CD-43EE-A494-B93DF454A3FF}"
	ProjectSection(SolutionItems) = preProject
		SharedAssemblyInfo.cs = SharedAssemblyInfo.cs
	EndProjectSection
EndProject
Project("{2150E333-8FDC-42A3-9474-1A3956D46DE8}") = ".nuget", ".nuget", "{DB5E3AB0-2899-4524-BD76-FE1DA9634A6C}"
	ProjectSection(SolutionItems) = preProject
		.nuget\NuGet.Config = .nuget\NuGet.Config
		.nuget\NuGet.exe = .nuget\NuGet.exe
		.nuget\NuGet.targets = .nuget\NuGet.targets
	EndProjectSection
EndProject
Global
	GlobalSection(SolutionConfigurationPlatforms) = preSolution
		Debug|Any CPU = Debug|Any CPU
		Debug|Mixed Platforms = Debug|Mixed Platforms
		Debug|x86 = Debug|x86
		Release|Any CPU = Release|Any CPU
		Release|Mixed Platforms = Release|Mixed Platforms
		Release|x86 = Release|x86
	EndGlobalSection
	GlobalSection(ProjectConfigurationPlatforms) = postSolution
		{4E58AA84-5058-4CF5-A3B9-0773C602E33D}.Debug|Any CPU.ActiveCfg = Debug|x86
		{4E58AA84-5058-4CF5-A3B9-0773C602E33D}.Debug|Mixed Platforms.ActiveCfg = Debug|x86
		{4E58AA84-5058-4CF5-A3B9-0773C602E33D}.Debug|Mixed Platforms.Build.0 = Debug|x86
		{4E58AA84-5058-4CF5-A3B9-0773C602E33D}.Debug|x86.ActiveCfg = Debug|x86
		{4E58AA84-5058-4CF5-A3B9-0773C602E33D}.Debug|x86.Build.0 = Debug|x86
		{4E58AA84-5058-4CF5-A3B9-0773C602E33D}.Release|Any CPU.ActiveCfg = Release|x86
		{4E58AA84-5058-4CF5-A3B9-0773C602E33D}.Release|Mixed Platforms.ActiveCfg = Release|x86
		{4E58AA84-5058-4CF5-A3B9-0773C602E33D}.Release|Mixed Platforms.Build.0 = Release|x86
		{4E58AA84-5058-4CF5-A3B9-0773C602E33D}.Release|x86.ActiveCfg = Release|x86
		{4E58AA84-5058-4CF5-A3B9-0773C602E33D}.Release|x86.Build.0 = Release|x86
		{9B5984BB-CF80-4549-8288-46EBD8F6440B}.Debug|Any CPU.ActiveCfg = Debug|Any CPU
		{9B5984BB-CF80-4549-8288-46EBD8F6440B}.Debug|Any CPU.Build.0 = Debug|Any CPU
		{9B5984BB-CF80-4549-8288-46EBD8F6440B}.Debug|Mixed Platforms.ActiveCfg = Debug|Any CPU
		{9B5984BB-CF80-4549-8288-46EBD8F6440B}.Debug|Mixed Platforms.Build.0 = Debug|Any CPU
		{9B5984BB-CF80-4549-8288-46EBD8F6440B}.Debug|x86.ActiveCfg = Debug|Any CPU
		{9B5984BB-CF80-4549-8288-46EBD8F6440B}.Release|Any CPU.ActiveCfg = Release|Any CPU
		{9B5984BB-CF80-4549-8288-46EBD8F6440B}.Release|Any CPU.Build.0 = Release|Any CPU
		{9B5984BB-CF80-4549-8288-46EBD8F6440B}.Release|Mixed Platforms.ActiveCfg = Release|x86
		{9B5984BB-CF80-4549-8288-46EBD8F6440B}.Release|Mixed Platforms.Build.0 = Release|x86
		{9B5984BB-CF80-4549-8288-46EBD8F6440B}.Release|x86.ActiveCfg = Release|Any CPU
		{82FEA7E5-95E4-4A97-85E6-209EB267366D}.Debug|Any CPU.ActiveCfg = Debug|Any CPU
		{82FEA7E5-95E4-4A97-85E6-209EB267366D}.Debug|Any CPU.Build.0 = Debug|Any CPU
		{82FEA7E5-95E4-4A97-85E6-209EB267366D}.Debug|Mixed Platforms.ActiveCfg = Debug|Any CPU
		{82FEA7E5-95E4-4A97-85E6-209EB267366D}.Debug|Mixed Platforms.Build.0 = Debug|Any CPU
		{82FEA7E5-95E4-4A97-85E6-209EB267366D}.Debug|x86.ActiveCfg = Debug|Any CPU
		{82FEA7E5-95E4-4A97-85E6-209EB267366D}.Release|Any CPU.ActiveCfg = Release|Any CPU
		{82FEA7E5-95E4-4A97-85E6-209EB267366D}.Release|Any CPU.Build.0 = Release|Any CPU
		{82FEA7E5-95E4-4A97-85E6-209EB267366D}.Release|Mixed Platforms.ActiveCfg = Release|Any CPU
		{82FEA7E5-95E4-4A97-85E6-209EB267366D}.Release|Mixed Platforms.Build.0 = Release|Any CPU
		{82FEA7E5-95E4-4A97-85E6-209EB267366D}.Release|x86.ActiveCfg = Release|Any CPU
		{CFF991B1-5EED-48CD-A846-365C0908F522}.Debug|Any CPU.ActiveCfg = Debug|Any CPU
		{CFF991B1-5EED-48CD-A846-365C0908F522}.Debug|Any CPU.Build.0 = Debug|Any CPU
		{CFF991B1-5EED-48CD-A846-365C0908F522}.Debug|Mixed Platforms.ActiveCfg = Debug|Any CPU
		{CFF991B1-5EED-48CD-A846-365C0908F522}.Debug|Mixed Platforms.Build.0 = Debug|Any CPU
		{CFF991B1-5EED-48CD-A846-365C0908F522}.Debug|x86.ActiveCfg = Debug|Any CPU
		{CFF991B1-5EED-48CD-A846-365C0908F522}.Release|Any CPU.ActiveCfg = Release|Any CPU
		{CFF991B1-5EED-48CD-A846-365C0908F522}.Release|Any CPU.Build.0 = Release|Any CPU
		{CFF991B1-5EED-48CD-A846-365C0908F522}.Release|Mixed Platforms.ActiveCfg = Release|Any CPU
		{CFF991B1-5EED-48CD-A846-365C0908F522}.Release|Mixed Platforms.Build.0 = Release|Any CPU
		{CFF991B1-5EED-48CD-A846-365C0908F522}.Release|x86.ActiveCfg = Release|Any CPU
	EndGlobalSection
	GlobalSection(SolutionProperties) = preSolution
		HideSolutionNode = FALSE
	EndGlobalSection
EndGlobal
